// !$*UTF8*$!
{
	archiveVersion = 1;
	classes = {
	};
	objectVersion = 56;
	objects = {

/* Begin PBXBuildFile section */
		7ACC142729932443008E2828 /* AppDelegate.swift in Sources */ = {isa = PBXBuildFile; fileRef = 7ACC142629932443008E2828 /* AppDelegate.swift */; };
		7ACC142929932443008E2828 /* GameViewController.swift in Sources */ = {isa = PBXBuildFile; fileRef = 7ACC142829932443008E2828 /* GameViewController.swift */; };
		7ACC142C29932443008E2828 /* Main.storyboard in Resources */ = {isa = PBXBuildFile; fileRef = 7ACC142A29932443008E2828 /* Main.storyboard */; };
		7ACC142F29932443008E2828 /* LaunchScreen.storyboard in Resources */ = {isa = PBXBuildFile; fileRef = 7ACC142D29932443008E2828 /* LaunchScreen.storyboard */; };
		7ACC143729932443008E2828 /* AppDelegate.swift in Sources */ = {isa = PBXBuildFile; fileRef = 7ACC143629932443008E2828 /* AppDelegate.swift */; };
		7ACC143929932443008E2828 /* GameViewController.swift in Sources */ = {isa = PBXBuildFile; fileRef = 7ACC143829932443008E2828 /* GameViewController.swift */; };
		7ACC143C29932443008E2828 /* Main.storyboard in Resources */ = {isa = PBXBuildFile; fileRef = 7ACC143A29932443008E2828 /* Main.storyboard */; };
		7ACC143F29932443008E2828 /* LaunchScreen.storyboard in Resources */ = {isa = PBXBuildFile; fileRef = 7ACC143D29932443008E2828 /* LaunchScreen.storyboard */; };
		7ACC144729932443008E2828 /* AppDelegate.swift in Sources */ = {isa = PBXBuildFile; fileRef = 7ACC144629932443008E2828 /* AppDelegate.swift */; };
		7ACC144929932443008E2828 /* GameViewController.swift in Sources */ = {isa = PBXBuildFile; fileRef = 7ACC144829932443008E2828 /* GameViewController.swift */; };
		7ACC144C29932443008E2828 /* Main.storyboard in Resources */ = {isa = PBXBuildFile; fileRef = 7ACC144A29932443008E2828 /* Main.storyboard */; };
		7ACC144E29932443008E2828 /* Actions.sks in Resources */ = {isa = PBXBuildFile; fileRef = 7ACC141B29932441008E2828 /* Actions.sks */; };
		7ACC144F29932443008E2828 /* Actions.sks in Resources */ = {isa = PBXBuildFile; fileRef = 7ACC141B29932441008E2828 /* Actions.sks */; };
		7ACC145029932443008E2828 /* Actions.sks in Resources */ = {isa = PBXBuildFile; fileRef = 7ACC141B29932441008E2828 /* Actions.sks */; };
		7ACC145129932443008E2828 /* GameScene.sks in Resources */ = {isa = PBXBuildFile; fileRef = 7ACC141C29932441008E2828 /* GameScene.sks */; };
		7ACC145229932443008E2828 /* GameScene.sks in Resources */ = {isa = PBXBuildFile; fileRef = 7ACC141C29932441008E2828 /* GameScene.sks */; };
		7ACC145329932443008E2828 /* GameScene.sks in Resources */ = {isa = PBXBuildFile; fileRef = 7ACC141C29932441008E2828 /* GameScene.sks */; };
		7ACC145429932443008E2828 /* GameScene.swift in Sources */ = {isa = PBXBuildFile; fileRef = 7ACC141D29932441008E2828 /* GameScene.swift */; };
		7ACC145529932443008E2828 /* GameScene.swift in Sources */ = {isa = PBXBuildFile; fileRef = 7ACC141D29932441008E2828 /* GameScene.swift */; };
		7ACC145629932443008E2828 /* GameScene.swift in Sources */ = {isa = PBXBuildFile; fileRef = 7ACC141D29932441008E2828 /* GameScene.swift */; };
		7ACC145729932443008E2828 /* Assets.xcassets in Resources */ = {isa = PBXBuildFile; fileRef = 7ACC141E29932443008E2828 /* Assets.xcassets */; };
		7ACC145829932443008E2828 /* Assets.xcassets in Resources */ = {isa = PBXBuildFile; fileRef = 7ACC141E29932443008E2828 /* Assets.xcassets */; };
		7ACC145929932443008E2828 /* Assets.xcassets in Resources */ = {isa = PBXBuildFile; fileRef = 7ACC141E29932443008E2828 /* Assets.xcassets */; };
/* End PBXBuildFile section */

/* Begin PBXFileReference section */
		7ACC141B29932441008E2828 /* Actions.sks */ = {isa = PBXFileReference; lastKnownFileType = file.sks; path = Actions.sks; sourceTree = "<group>"; };
		7ACC141C29932441008E2828 /* GameScene.sks */ = {isa = PBXFileReference; lastKnownFileType = file.sks; path = GameScene.sks; sourceTree = "<group>"; };
		7ACC141D29932441008E2828 /* GameScene.swift */ = {isa = PBXFileReference; lastKnownFileType = sourcecode.swift; path = GameScene.swift; sourceTree = "<group>"; };
		7ACC141E29932443008E2828 /* Assets.xcassets */ = {isa = PBXFileReference; lastKnownFileType = folder.assetcatalog; path = Assets.xcassets; sourceTree = "<group>"; };
		7ACC142329932443008E2828 /* asteroid-destroyer.app */ = {isa = PBXFileReference; explicitFileType = wrapper.application; includeInIndex = 0; path = "asteroid-destroyer.app"; sourceTree = BUILT_PRODUCTS_DIR; };
		7ACC142629932443008E2828 /* AppDelegate.swift */ = {isa = PBXFileReference; lastKnownFileType = sourcecode.swift; path = AppDelegate.swift; sourceTree = "<group>"; };
		7ACC142829932443008E2828 /* GameViewController.swift */ = {isa = PBXFileReference; lastKnownFileType = sourcecode.swift; path = GameViewController.swift; sourceTree = "<group>"; };
		7ACC142B29932443008E2828 /* Base */ = {isa = PBXFileReference; lastKnownFileType = file.storyboard; name = Base; path = Base.lproj/Main.storyboard; sourceTree = "<group>"; };
		7ACC142E29932443008E2828 /* Base */ = {isa = PBXFileReference; lastKnownFileType = file.storyboard; name = Base; path = Base.lproj/LaunchScreen.storyboard; sourceTree = "<group>"; };
		7ACC143429932443008E2828 /* asteroid-destroyer.app */ = {isa = PBXFileReference; explicitFileType = wrapper.application; includeInIndex = 0; path = "asteroid-destroyer.app"; sourceTree = BUILT_PRODUCTS_DIR; };
		7ACC143629932443008E2828 /* AppDelegate.swift */ = {isa = PBXFileReference; lastKnownFileType = sourcecode.swift; path = AppDelegate.swift; sourceTree = "<group>"; };
		7ACC143829932443008E2828 /* GameViewController.swift */ = {isa = PBXFileReference; lastKnownFileType = sourcecode.swift; path = GameViewController.swift; sourceTree = "<group>"; };
		7ACC143B29932443008E2828 /* Base */ = {isa = PBXFileReference; lastKnownFileType = file.storyboard; name = Base; path = Base.lproj/Main.storyboard; sourceTree = "<group>"; };
		7ACC143E29932443008E2828 /* Base */ = {isa = PBXFileReference; lastKnownFileType = file.storyboard; name = Base; path = Base.lproj/LaunchScreen.storyboard; sourceTree = "<group>"; };
		7ACC144429932443008E2828 /* asteroid-destroyer.app */ = {isa = PBXFileReference; explicitFileType = wrapper.application; includeInIndex = 0; path = "asteroid-destroyer.app"; sourceTree = BUILT_PRODUCTS_DIR; };
		7ACC144629932443008E2828 /* AppDelegate.swift */ = {isa = PBXFileReference; lastKnownFileType = sourcecode.swift; path = AppDelegate.swift; sourceTree = "<group>"; };
		7ACC144829932443008E2828 /* GameViewController.swift */ = {isa = PBXFileReference; lastKnownFileType = sourcecode.swift; path = GameViewController.swift; sourceTree = "<group>"; };
		7ACC144B29932443008E2828 /* Base */ = {isa = PBXFileReference; lastKnownFileType = file.storyboard; name = Base; path = Base.lproj/Main.storyboard; sourceTree = "<group>"; };
		7ACC144D29932443008E2828 /* asteroid_destroyer_macOS.entitlements */ = {isa = PBXFileReference; lastKnownFileType = text.plist.entitlements; path = asteroid_destroyer_macOS.entitlements; sourceTree = "<group>"; };
/* End PBXFileReference section */

/* Begin PBXFrameworksBuildPhase section */
		7ACC142029932443008E2828 /* Frameworks */ = {
			isa = PBXFrameworksBuildPhase;
			buildActionMask = 2147483647;
			files = (
			);
			runOnlyForDeploymentPostprocessing = 0;
		};
		7ACC143129932443008E2828 /* Frameworks */ = {
			isa = PBXFrameworksBuildPhase;
			buildActionMask = 2147483647;
			files = (
			);
			runOnlyForDeploymentPostprocessing = 0;
		};
		7ACC144129932443008E2828 /* Frameworks */ = {
			isa = PBXFrameworksBuildPhase;
			buildActionMask = 2147483647;
			files = (
			);
			runOnlyForDeploymentPostprocessing = 0;
		};
/* End PBXFrameworksBuildPhase section */

/* Begin PBXGroup section */
		7ACC141529932441008E2828 = {
			isa = PBXGroup;
			children = (
				7ACC141A29932441008E2828 /* asteroid-destroyer Shared */,
				7ACC142529932443008E2828 /* asteroid-destroyer iOS */,
				7ACC143529932443008E2828 /* asteroid-destroyer tvOS */,
				7ACC144529932443008E2828 /* asteroid-destroyer macOS */,
				7ACC142429932443008E2828 /* Products */,
			);
			sourceTree = "<group>";
		};
		7ACC141A29932441008E2828 /* asteroid-destroyer Shared */ = {
			isa = PBXGroup;
			children = (
				7ACC141B29932441008E2828 /* Actions.sks */,
				7ACC141C29932441008E2828 /* GameScene.sks */,
				7ACC141D29932441008E2828 /* GameScene.swift */,
				7ACC141E29932443008E2828 /* Assets.xcassets */,
			);
			path = "asteroid-destroyer Shared";
			sourceTree = "<group>";
		};
		7ACC142429932443008E2828 /* Products */ = {
			isa = PBXGroup;
			children = (
				7ACC142329932443008E2828 /* asteroid-destroyer.app */,
				7ACC143429932443008E2828 /* asteroid-destroyer.app */,
				7ACC144429932443008E2828 /* asteroid-destroyer.app */,
			);
			name = Products;
			sourceTree = "<group>";
		};
		7ACC142529932443008E2828 /* asteroid-destroyer iOS */ = {
			isa = PBXGroup;
			children = (
				7ACC142629932443008E2828 /* AppDelegate.swift */,
				7ACC142829932443008E2828 /* GameViewController.swift */,
				7ACC142A29932443008E2828 /* Main.storyboard */,
				7ACC142D29932443008E2828 /* LaunchScreen.storyboard */,
			);
			path = "asteroid-destroyer iOS";
			sourceTree = "<group>";
		};
		7ACC143529932443008E2828 /* asteroid-destroyer tvOS */ = {
			isa = PBXGroup;
			children = (
				7ACC143629932443008E2828 /* AppDelegate.swift */,
				7ACC143829932443008E2828 /* GameViewController.swift */,
				7ACC143A29932443008E2828 /* Main.storyboard */,
				7ACC143D29932443008E2828 /* LaunchScreen.storyboard */,
			);
			path = "asteroid-destroyer tvOS";
			sourceTree = "<group>";
		};
		7ACC144529932443008E2828 /* asteroid-destroyer macOS */ = {
			isa = PBXGroup;
			children = (
				7ACC144629932443008E2828 /* AppDelegate.swift */,
				7ACC144829932443008E2828 /* GameViewController.swift */,
				7ACC144A29932443008E2828 /* Main.storyboard */,
				7ACC144D29932443008E2828 /* asteroid_destroyer_macOS.entitlements */,
			);
			path = "asteroid-destroyer macOS";
			sourceTree = "<group>";
		};
/* End PBXGroup section */

/* Begin PBXNativeTarget section */
		7ACC142229932443008E2828 /* asteroid-destroyer iOS */ = {
			isa = PBXNativeTarget;
			buildConfigurationList = 7ACC145C29932443008E2828 /* Build configuration list for PBXNativeTarget "asteroid-destroyer iOS" */;
			buildPhases = (
				7ACC141F29932443008E2828 /* Sources */,
				7ACC142029932443008E2828 /* Frameworks */,
				7ACC142129932443008E2828 /* Resources */,
			);
			buildRules = (
			);
			dependencies = (
			);
			name = "asteroid-destroyer iOS";
			productName = "asteroid-destroyer iOS";
			productReference = 7ACC142329932443008E2828 /* asteroid-destroyer.app */;
			productType = "com.apple.product-type.application";
		};
		7ACC143329932443008E2828 /* asteroid-destroyer tvOS */ = {
			isa = PBXNativeTarget;
			buildConfigurationList = 7ACC145F29932443008E2828 /* Build configuration list for PBXNativeTarget "asteroid-destroyer tvOS" */;
			buildPhases = (
				7ACC143029932443008E2828 /* Sources */,
				7ACC143129932443008E2828 /* Frameworks */,
				7ACC143229932443008E2828 /* Resources */,
			);
			buildRules = (
			);
			dependencies = (
			);
			name = "asteroid-destroyer tvOS";
			productName = "asteroid-destroyer tvOS";
			productReference = 7ACC143429932443008E2828 /* asteroid-destroyer.app */;
			productType = "com.apple.product-type.application";
		};
		7ACC144329932443008E2828 /* asteroid-destroyer macOS */ = {
			isa = PBXNativeTarget;
			buildConfigurationList = 7ACC146229932443008E2828 /* Build configuration list for PBXNativeTarget "asteroid-destroyer macOS" */;
			buildPhases = (
				7ACC144029932443008E2828 /* Sources */,
				7ACC144129932443008E2828 /* Frameworks */,
				7ACC144229932443008E2828 /* Resources */,
			);
			buildRules = (
			);
			dependencies = (
			);
			name = "asteroid-destroyer macOS";
			productName = "asteroid-destroyer macOS";
			productReference = 7ACC144429932443008E2828 /* asteroid-destroyer.app */;
			productType = "com.apple.product-type.application";
		};
/* End PBXNativeTarget section */

/* Begin PBXProject section */
		7ACC141629932441008E2828 /* Project object */ = {
			isa = PBXProject;
			attributes = {
				BuildIndependentTargetsInParallel = 1;
				LastSwiftUpdateCheck = 1420;
				LastUpgradeCheck = 1420;
				TargetAttributes = {
					7ACC142229932443008E2828 = {
						CreatedOnToolsVersion = 14.2;
					};
					7ACC143329932443008E2828 = {
						CreatedOnToolsVersion = 14.2;
					};
					7ACC144329932443008E2828 = {
						CreatedOnToolsVersion = 14.2;
					};
				};
			};
			buildConfigurationList = 7ACC141929932441008E2828 /* Build configuration list for PBXProject "asteroid-destroyer" */;
			compatibilityVersion = "Xcode 14.0";
			developmentRegion = en;
			hasScannedForEncodings = 0;
			knownRegions = (
				en,
				Base,
			);
			mainGroup = 7ACC141529932441008E2828;
			productRefGroup = 7ACC142429932443008E2828 /* Products */;
			projectDirPath = "";
			projectRoot = "";
			targets = (
				7ACC142229932443008E2828 /* asteroid-destroyer iOS */,
				7ACC143329932443008E2828 /* asteroid-destroyer tvOS */,
				7ACC144329932443008E2828 /* asteroid-destroyer macOS */,
			);
		};
/* End PBXProject section */

/* Begin PBXResourcesBuildPhase section */
		7ACC142129932443008E2828 /* Resources */ = {
			isa = PBXResourcesBuildPhase;
			buildActionMask = 2147483647;
			files = (
				7ACC145129932443008E2828 /* GameScene.sks in Resources */,
				7ACC142C29932443008E2828 /* Main.storyboard in Resources */,
				7ACC144E29932443008E2828 /* Actions.sks in Resources */,
				7ACC142F29932443008E2828 /* LaunchScreen.storyboard in Resources */,
				7ACC145729932443008E2828 /* Assets.xcassets in Resources */,
			);
			runOnlyForDeploymentPostprocessing = 0;
		};
		7ACC143229932443008E2828 /* Resources */ = {
			isa = PBXResourcesBuildPhase;
			buildActionMask = 2147483647;
			files = (
				7ACC145229932443008E2828 /* GameScene.sks in Resources */,
				7ACC143C29932443008E2828 /* Main.storyboard in Resources */,
				7ACC144F29932443008E2828 /* Actions.sks in Resources */,
				7ACC143F29932443008E2828 /* LaunchScreen.storyboard in Resources */,
				7ACC145829932443008E2828 /* Assets.xcassets in Resources */,
			);
			runOnlyForDeploymentPostprocessing = 0;
		};
		7ACC144229932443008E2828 /* Resources */ = {
			isa = PBXResourcesBuildPhase;
			buildActionMask = 2147483647;
			files = (
				7ACC144C29932443008E2828 /* Main.storyboard in Resources */,
				7ACC145329932443008E2828 /* GameScene.sks in Resources */,
				7ACC145929932443008E2828 /* Assets.xcassets in Resources */,
				7ACC145029932443008E2828 /* Actions.sks in Resources */,
			);
			runOnlyForDeploymentPostprocessing = 0;
		};
/* End PBXResourcesBuildPhase section */

/* Begin PBXSourcesBuildPhase section */
		7ACC141F29932443008E2828 /* Sources */ = {
			isa = PBXSourcesBuildPhase;
			buildActionMask = 2147483647;
			files = (
				7ACC145429932443008E2828 /* GameScene.swift in Sources */,
				7ACC142929932443008E2828 /* GameViewController.swift in Sources */,
				7ACC142729932443008E2828 /* AppDelegate.swift in Sources */,
			);
			runOnlyForDeploymentPostprocessing = 0;
		};
		7ACC143029932443008E2828 /* Sources */ = {
			isa = PBXSourcesBuildPhase;
			buildActionMask = 2147483647;
			files = (
				7ACC145529932443008E2828 /* GameScene.swift in Sources */,
				7ACC143929932443008E2828 /* GameViewController.swift in Sources */,
				7ACC143729932443008E2828 /* AppDelegate.swift in Sources */,
			);
			runOnlyForDeploymentPostprocessing = 0;
		};
		7ACC144029932443008E2828 /* Sources */ = {
			isa = PBXSourcesBuildPhase;
			buildActionMask = 2147483647;
			files = (
				7ACC145629932443008E2828 /* GameScene.swift in Sources */,
				7ACC144929932443008E2828 /* GameViewController.swift in Sources */,
				7ACC144729932443008E2828 /* AppDelegate.swift in Sources */,
			);
			runOnlyForDeploymentPostprocessing = 0;
		};
/* End PBXSourcesBuildPhase section */

/* Begin PBXVariantGroup section */
		7ACC142A29932443008E2828 /* Main.storyboard */ = {
			isa = PBXVariantGroup;
			children = (
				7ACC142B29932443008E2828 /* Base */,
			);
			name = Main.storyboard;
			sourceTree = "<group>";
		};
		7ACC142D29932443008E2828 /* LaunchScreen.storyboard */ = {
			isa = PBXVariantGroup;
			children = (
				7ACC142E29932443008E2828 /* Base */,
			);
			name = LaunchScreen.storyboard;
			sourceTree = "<group>";
		};
		7ACC143A29932443008E2828 /* Main.storyboard */ = {
			isa = PBXVariantGroup;
			children = (
				7ACC143B29932443008E2828 /* Base */,
			);
			name = Main.storyboard;
			sourceTree = "<group>";
		};
		7ACC143D29932443008E2828 /* LaunchScreen.storyboard */ = {
			isa = PBXVariantGroup;
			children = (
				7ACC143E29932443008E2828 /* Base */,
			);
			name = LaunchScreen.storyboard;
			sourceTree = "<group>";
		};
		7ACC144A29932443008E2828 /* Main.storyboard */ = {
			isa = PBXVariantGroup;
			children = (
				7ACC144B29932443008E2828 /* Base */,
			);
			name = Main.storyboard;
			sourceTree = "<group>";
		};
/* End PBXVariantGroup section */

/* Begin XCBuildConfiguration section */
		7ACC145A29932443008E2828 /* Debug */ = {
			isa = XCBuildConfiguration;
			buildSettings = {
				ALWAYS_SEARCH_USER_PATHS = NO;
				CLANG_ANALYZER_NONNULL = YES;
				CLANG_ANALYZER_NUMBER_OBJECT_CONVERSION = YES_AGGRESSIVE;
				CLANG_CXX_LANGUAGE_STANDARD = "gnu++20";
				CLANG_ENABLE_MODULES = YES;
				CLANG_ENABLE_OBJC_ARC = YES;
				CLANG_ENABLE_OBJC_WEAK = YES;
				CLANG_WARN_BLOCK_CAPTURE_AUTORELEASING = YES;
				CLANG_WARN_BOOL_CONVERSION = YES;
				CLANG_WARN_COMMA = YES;
				CLANG_WARN_CONSTANT_CONVERSION = YES;
				CLANG_WARN_DEPRECATED_OBJC_IMPLEMENTATIONS = YES;
				CLANG_WARN_DIRECT_OBJC_ISA_USAGE = YES_ERROR;
				CLANG_WARN_DOCUMENTATION_COMMENTS = YES;
				CLANG_WARN_EMPTY_BODY = YES;
				CLANG_WARN_ENUM_CONVERSION = YES;
				CLANG_WARN_INFINITE_RECURSION = YES;
				CLANG_WARN_INT_CONVERSION = YES;
				CLANG_WARN_NON_LITERAL_NULL_CONVERSION = YES;
				CLANG_WARN_OBJC_IMPLICIT_RETAIN_SELF = YES;
				CLANG_WARN_OBJC_LITERAL_CONVERSION = YES;
				CLANG_WARN_OBJC_ROOT_CLASS = YES_ERROR;
				CLANG_WARN_QUOTED_INCLUDE_IN_FRAMEWORK_HEADER = YES;
				CLANG_WARN_RANGE_LOOP_ANALYSIS = YES;
				CLANG_WARN_STRICT_PROTOTYPES = YES;
				CLANG_WARN_SUSPICIOUS_MOVE = YES;
				CLANG_WARN_UNGUARDED_AVAILABILITY = YES_AGGRESSIVE;
				CLANG_WARN_UNREACHABLE_CODE = YES;
				CLANG_WARN__DUPLICATE_METHOD_MATCH = YES;
				COPY_PHASE_STRIP = NO;
				DEBUG_INFORMATION_FORMAT = dwarf;
				ENABLE_STRICT_OBJC_MSGSEND = YES;
				ENABLE_TESTABILITY = YES;
				GCC_C_LANGUAGE_STANDARD = gnu11;
				GCC_DYNAMIC_NO_PIC = NO;
				GCC_NO_COMMON_BLOCKS = YES;
				GCC_OPTIMIZATION_LEVEL = 0;
				GCC_PREPROCESSOR_DEFINITIONS = (
					"DEBUG=1",
					"$(inherited)",
				);
				GCC_WARN_64_TO_32_BIT_CONVERSION = YES;
				GCC_WARN_ABOUT_RETURN_TYPE = YES_ERROR;
				GCC_WARN_UNDECLARED_SELECTOR = YES;
				GCC_WARN_UNINITIALIZED_AUTOS = YES_AGGRESSIVE;
				GCC_WARN_UNUSED_FUNCTION = YES;
				GCC_WARN_UNUSED_VARIABLE = YES;
				MTL_ENABLE_DEBUG_INFO = INCLUDE_SOURCE;
				MTL_FAST_MATH = YES;
				ONLY_ACTIVE_ARCH = YES;
				SWIFT_ACTIVE_COMPILATION_CONDITIONS = DEBUG;
				SWIFT_OPTIMIZATION_LEVEL = "-Onone";
			};
			name = Debug;
		};
		7ACC145B29932443008E2828 /* Release */ = {
			isa = XCBuildConfiguration;
			buildSettings = {
				ALWAYS_SEARCH_USER_PATHS = NO;
				CLANG_ANALYZER_NONNULL = YES;
				CLANG_ANALYZER_NUMBER_OBJECT_CONVERSION = YES_AGGRESSIVE;
				CLANG_CXX_LANGUAGE_STANDARD = "gnu++20";
				CLANG_ENABLE_MODULES = YES;
				CLANG_ENABLE_OBJC_ARC = YES;
				CLANG_ENABLE_OBJC_WEAK = YES;
				CLANG_WARN_BLOCK_CAPTURE_AUTORELEASING = YES;
				CLANG_WARN_BOOL_CONVERSION = YES;
				CLANG_WARN_COMMA = YES;
				CLANG_WARN_CONSTANT_CONVERSION = YES;
				CLANG_WARN_DEPRECATED_OBJC_IMPLEMENTATIONS = YES;
				CLANG_WARN_DIRECT_OBJC_ISA_USAGE = YES_ERROR;
				CLANG_WARN_DOCUMENTATION_COMMENTS = YES;
				CLANG_WARN_EMPTY_BODY = YES;
				CLANG_WARN_ENUM_CONVERSION = YES;
				CLANG_WARN_INFINITE_RECURSION = YES;
				CLANG_WARN_INT_CONVERSION = YES;
				CLANG_WARN_NON_LITERAL_NULL_CONVERSION = YES;
				CLANG_WARN_OBJC_IMPLICIT_RETAIN_SELF = YES;
				CLANG_WARN_OBJC_LITERAL_CONVERSION = YES;
				CLANG_WARN_OBJC_ROOT_CLASS = YES_ERROR;
				CLANG_WARN_QUOTED_INCLUDE_IN_FRAMEWORK_HEADER = YES;
				CLANG_WARN_RANGE_LOOP_ANALYSIS = YES;
				CLANG_WARN_STRICT_PROTOTYPES = YES;
				CLANG_WARN_SUSPICIOUS_MOVE = YES;
				CLANG_WARN_UNGUARDED_AVAILABILITY = YES_AGGRESSIVE;
				CLANG_WARN_UNREACHABLE_CODE = YES;
				CLANG_WARN__DUPLICATE_METHOD_MATCH = YES;
				COPY_PHASE_STRIP = NO;
				DEBUG_INFORMATION_FORMAT = "dwarf-with-dsym";
				ENABLE_NS_ASSERTIONS = NO;
				ENABLE_STRICT_OBJC_MSGSEND = YES;
				GCC_C_LANGUAGE_STANDARD = gnu11;
				GCC_NO_COMMON_BLOCKS = YES;
				GCC_WARN_64_TO_32_BIT_CONVERSION = YES;
				GCC_WARN_ABOUT_RETURN_TYPE = YES_ERROR;
				GCC_WARN_UNDECLARED_SELECTOR = YES;
				GCC_WARN_UNINITIALIZED_AUTOS = YES_AGGRESSIVE;
				GCC_WARN_UNUSED_FUNCTION = YES;
				GCC_WARN_UNUSED_VARIABLE = YES;
				MTL_ENABLE_DEBUG_INFO = NO;
				MTL_FAST_MATH = YES;
				SWIFT_COMPILATION_MODE = wholemodule;
				SWIFT_OPTIMIZATION_LEVEL = "-O";
			};
			name = Release;
		};
		7ACC145D29932443008E2828 /* Debug */ = {
			isa = XCBuildConfiguration;
			buildSettings = {
				ASSETCATALOG_COMPILER_APPICON_NAME = AppIcon;
				ASSETCATALOG_COMPILER_GLOBAL_ACCENT_COLOR_NAME = AccentColor;
				CODE_SIGN_STYLE = Automatic;
				CURRENT_PROJECT_VERSION = 1;
				GENERATE_INFOPLIST_FILE = YES;
				INFOPLIST_KEY_UIApplicationSupportsIndirectInputEvents = YES;
				INFOPLIST_KEY_UILaunchStoryboardName = LaunchScreen;
				INFOPLIST_KEY_UIMainStoryboardFile = Main;
				INFOPLIST_KEY_UIStatusBarHidden = YES;
				INFOPLIST_KEY_UISupportedInterfaceOrientations_iPad = "UIInterfaceOrientationPortrait UIInterfaceOrientationPortraitUpsideDown UIInterfaceOrientationLandscapeLeft UIInterfaceOrientationLandscapeRight";
				INFOPLIST_KEY_UISupportedInterfaceOrientations_iPhone = "UIInterfaceOrientationPortrait UIInterfaceOrientationLandscapeLeft UIInterfaceOrientationLandscapeRight";
				IPHONEOS_DEPLOYMENT_TARGET = 16.2;
				LD_RUNPATH_SEARCH_PATHS = (
					"$(inherited)",
					"@executable_path/Frameworks",
				);
				MARKETING_VERSION = 1.0;
				PRODUCT_BUNDLE_IDENTIFIER = "jeevanprakash0814.game.asteroid-destroyer";
				PRODUCT_NAME = "asteroid-destroyer";
				SDKROOT = iphoneos;
				SWIFT_EMIT_LOC_STRINGS = YES;
				SWIFT_VERSION = 5.0;
				TARGETED_DEVICE_FAMILY = "1,2";
			};
			name = Debug;
		};
		7ACC145E29932443008E2828 /* Release */ = {
			isa = XCBuildConfiguration;
			buildSettings = {
				ASSETCATALOG_COMPILER_APPICON_NAME = AppIcon;
				ASSETCATALOG_COMPILER_GLOBAL_ACCENT_COLOR_NAME = AccentColor;
				CODE_SIGN_STYLE = Automatic;
				CURRENT_PROJECT_VERSION = 1;
				GENERATE_INFOPLIST_FILE = YES;
				INFOPLIST_KEY_UIApplicationSupportsIndirectInputEvents = YES;
				INFOPLIST_KEY_UILaunchStoryboardName = LaunchScreen;
				INFOPLIST_KEY_UIMainStoryboardFile = Main;
				INFOPLIST_KEY_UIStatusBarHidden = YES;
				INFOPLIST_KEY_UISupportedInterfaceOrientations_iPad = "UIInterfaceOrientationPortrait UIInterfaceOrientationPortraitUpsideDown UIInterfaceOrientationLandscapeLeft UIInterfaceOrientationLandscapeRight";
				INFOPLIST_KEY_UISupportedInterfaceOrientations_iPhone = "UIInterfaceOrientationPortrait UIInterfaceOrientationLandscapeLeft UIInterfaceOrientationLandscapeRight";
				IPHONEOS_DEPLOYMENT_TARGET = 16.2;
				LD_RUNPATH_SEARCH_PATHS = (
					"$(inherited)",
					"@executable_path/Frameworks",
				);
				MARKETING_VERSION = 1.0;
				PRODUCT_BUNDLE_IDENTIFIER = "jeevanprakash0814.game.asteroid-destroyer";
				PRODUCT_NAME = "asteroid-destroyer";
				SDKROOT = iphoneos;
				SWIFT_EMIT_LOC_STRINGS = YES;
				SWIFT_VERSION = 5.0;
				TARGETED_DEVICE_FAMILY = "1,2";
				VALIDATE_PRODUCT = YES;
			};
			name = Release;
		};
		7ACC146029932443008E2828 /* Debug */ = {
			isa = XCBuildConfiguration;
			buildSettings = {
				ASSETCATALOG_COMPILER_APPICON_NAME = "tvOS App Icon & Top Shelf Image";
				ASSETCATALOG_COMPILER_GLOBAL_ACCENT_COLOR_NAME = AccentColor;
				CODE_SIGN_STYLE = Automatic;
				CURRENT_PROJECT_VERSION = 1;
				GENERATE_INFOPLIST_FILE = YES;
				INFOPLIST_KEY_UILaunchStoryboardName = LaunchScreen;
				INFOPLIST_KEY_UIMainStoryboardFile = Main;
				INFOPLIST_KEY_UIUserInterfaceStyle = Automatic;
				LD_RUNPATH_SEARCH_PATHS = (
					"$(inherited)",
					"@executable_path/Frameworks",
				);
				MARKETING_VERSION = 1.0;
				PRODUCT_BUNDLE_IDENTIFIER = "jeevanprakash0814.game.asteroid-destroyer";
				PRODUCT_NAME = "asteroid-destroyer";
				SDKROOT = appletvos;
				SWIFT_EMIT_LOC_STRINGS = YES;
				SWIFT_VERSION = 5.0;
				TARGETED_DEVICE_FAMILY = 3;
				TVOS_DEPLOYMENT_TARGET = 16.1;
			};
			name = Debug;
		};
		7ACC146129932443008E2828 /* Release */ = {
			isa = XCBuildConfiguration;
			buildSettings = {
				ASSETCATALOG_COMPILER_APPICON_NAME = "tvOS App Icon & Top Shelf Image";
				ASSETCATALOG_COMPILER_GLOBAL_ACCENT_COLOR_NAME = AccentColor;
				CODE_SIGN_STYLE = Automatic;
				CURRENT_PROJECT_VERSION = 1;
				GENERATE_INFOPLIST_FILE = YES;
				INFOPLIST_KEY_UILaunchStoryboardName = LaunchScreen;
				INFOPLIST_KEY_UIMainStoryboardFile = Main;
				INFOPLIST_KEY_UIUserInterfaceStyle = Automatic;
				LD_RUNPATH_SEARCH_PATHS = (
					"$(inherited)",
					"@executable_path/Frameworks",
				);
				MARKETING_VERSION = 1.0;
				PRODUCT_BUNDLE_IDENTIFIER = "jeevanprakash0814.game.asteroid-destroyer";
				PRODUCT_NAME = "asteroid-destroyer";
				SDKROOT = appletvos;
				SWIFT_EMIT_LOC_STRINGS = YES;
				SWIFT_VERSION = 5.0;
				TARGETED_DEVICE_FAMILY = 3;
				TVOS_DEPLOYMENT_TARGET = 16.1;
				VALIDATE_PRODUCT = YES;
			};
			name = Release;
		};
		7ACC146329932443008E2828 /* Debug */ = {
			isa = XCBuildConfiguration;
			buildSettings = {
				ASSETCATALOG_COMPILER_APPICON_NAME = AppIcon;
				ASSETCATALOG_COMPILER_GLOBAL_ACCENT_COLOR_NAME = AccentColor;
				CODE_SIGN_ENTITLEMENTS = "asteroid-destroyer macOS/asteroid_destroyer_macOS.entitlements";
				CODE_SIGN_STYLE = Automatic;
				COMBINE_HIDPI_IMAGES = YES;
				CURRENT_PROJECT_VERSION = 1;
				GENERATE_INFOPLIST_FILE = YES;
				INFOPLIST_KEY_NSHumanReadableCopyright = "";
				INFOPLIST_KEY_NSMainStoryboardFile = Main;
				INFOPLIST_KEY_NSPrincipalClass = NSApplication;
				LD_RUNPATH_SEARCH_PATHS = (
					"$(inherited)",
					"@executable_path/../Frameworks",
				);
				MACOSX_DEPLOYMENT_TARGET = 12.6;
				MARKETING_VERSION = 1.0;
				PRODUCT_BUNDLE_IDENTIFIER = "jeevanprakash0814.game.asteroid-destroyer";
				PRODUCT_NAME = "asteroid-destroyer";
				SDKROOT = macosx;
				SWIFT_EMIT_LOC_STRINGS = YES;
				SWIFT_VERSION = 5.0;
			};
			name = Debug;
		};
		7ACC146429932443008E2828 /* Release */ = {
			isa = XCBuildConfiguration;
			buildSettings = {
				ASSETCATALOG_COMPILER_APPICON_NAME = AppIcon;
				ASSETCATALOG_COMPILER_GLOBAL_ACCENT_COLOR_NAME = AccentColor;
				CODE_SIGN_ENTITLEMENTS = "asteroid-destroyer macOS/asteroid_destroyer_macOS.entitlements";
				CODE_SIGN_STYLE = Automatic;
				COMBINE_HIDPI_IMAGES = YES;
				CURRENT_PROJECT_VERSION = 1;
				GENERATE_INFOPLIST_FILE = YES;
				INFOPLIST_KEY_NSHumanReadableCopyright = "";
				INFOPLIST_KEY_NSMainStoryboardFile = Main;
				INFOPLIST_KEY_NSPrincipalClass = NSApplication;
				LD_RUNPATH_SEARCH_PATHS = (
					"$(inherited)",
					"@executable_path/../Frameworks",
				);
				MACOSX_DEPLOYMENT_TARGET = 12.6;
				MARKETING_VERSION = 1.0;
				PRODUCT_BUNDLE_IDENTIFIER = "jeevanprakash0814.game.asteroid-destroyer";
				PRODUCT_NAME = "asteroid-destroyer";
				SDKROOT = macosx;
				SWIFT_EMIT_LOC_STRINGS = YES;
				SWIFT_VERSION = 5.0;
			};
			name = Release;
		};
/* End XCBuildConfiguration section */

/* Begin XCConfigurationList section */
		7ACC141929932441008E2828 /* Build configuration list for PBXProject "asteroid-destroyer" */ = {
			isa = XCConfigurationList;
			buildConfigurations = (
				7ACC145A29932443008E2828 /* Debug */,
				7ACC145B29932443008E2828 /* Release */,
			);
			defaultConfigurationIsVisible = 0;
			defaultConfigurationName = Release;
		};
		7ACC145C29932443008E2828 /* Build configuration list for PBXNativeTarget "asteroid-destroyer iOS" */ = {
			isa = XCConfigurationList;
			buildConfigurations = (
				7ACC145D29932443008E2828 /* Debug */,
				7ACC145E29932443008E2828 /* Release */,
			);
			defaultConfigurationIsVisible = 0;
			defaultConfigurationName = Release;
		};
		7ACC145F29932443008E2828 /* Build configuration list for PBXNativeTarget "asteroid-destroyer tvOS" */ = {
			isa = XCConfigurationList;
			buildConfigurations = (
				7ACC146029932443008E2828 /* Debug */,
				7ACC146129932443008E2828 /* Release */,
			);
			defaultConfigurationIsVisible = 0;
			defaultConfigurationName = Release;
		};
		7ACC146229932443008E2828 /* Build configuration list for PBXNativeTarget "asteroid-destroyer macOS" */ = {
			isa = XCConfigurationList;
			buildConfigurations = (
				7ACC146329932443008E2828 /* Debug */,
				7ACC146429932443008E2828 /* Release */,
			);
			defaultConfigurationIsVisible = 0;
			defaultConfigurationName = Release;
		};
/* End XCConfigurationList section */
	};
	rootObject = 7ACC141629932441008E2828 /* Project object */;
}
